
Microsoft Visual Studio Solution File, Format Version 12.00
# Visual Studio Version 17
VisualStudioVersion = 17.5.002.0
MinimumVisualStudioVersion = 10.0.40219.1
Project("{9A19103F-16F7-4668-BE54-9A1E7A4F7556}") = "lunaris", "lunaris.csproj", "{49D02739-677A-432B-BC2E-6E4DF6B699CF}"
EndProject
Global
	GlobalSection(SolutionConfigurationPlatforms) = preSolution
		Debug|Any CPU = Debug|Any CPU
		Release|Any CPU = Release|Any CPU
	EndGlobalSection
	GlobalSection(ProjectConfigurationPlatforms) = postSolution
		{49D02739-677A-432B-BC2E-6E4DF6B699CF}.Debug|Any CPU.ActiveCfg = Debug|Any CPU
		{49D02739-677A-432B-BC2E-6E4DF6B699CF}.Debug|Any CPU.Build.0 = Debug|Any CPU
		{49D02739-677A-432B-BC2E-6E4DF6B699CF}.Release|Any CPU.ActiveCfg = Release|Any CPU
		{49D02739-677A-432B-BC2E-6E4DF6B699CF}.Release|Any CPU.Build.0 = Release|Any CPU
	EndGlobalSection
	GlobalSection(SolutionProperties) = preSolution
		HideSolutionNode = FALSE
	EndGlobalSection
	GlobalSection(ExtensibilityGlobals) = postSolution
		SolutionGuid = {E352544C-7429-4D83-B5B4-97F9AB842D8D}
	EndGlobalSection
EndGlobal
